
Microsoft Visual Studio Solution File, Format Version 12.00
# Visual Studio 15
VisualStudioVersion = 15.0.28010.2003
MinimumVisualStudioVersion = 10.0.40219.1
Project("{FAE04EC0-301F-11D3-BF4B-00C04F79EFBC}") = "BaiduLocBinding", "BaiduLocBinding\BaiduLocBinding.csproj", "{B0C58D92-E40E-4216-8113-1D12EFAEDEDF}"
EndProject
Global
	GlobalSection(SolutionConfigurationPlatforms) = preSolution
		Debug|Any CPU = Debug|Any CPU
		Release|Any CPU = Release|Any CPU
	EndGlobalSection
	GlobalSection(ProjectConfigurationPlatforms) = postSolution
		{B0C58D92-E40E-4216-8113-1D12EFAEDEDF}.Debug|Any CPU.ActiveCfg = Debug|Any CPU
		{B0C58D92-E40E-4216-8113-1D12EFAEDEDF}.Debug|Any CPU.Build.0 = Debug|Any CPU
		{B0C58D92-E40E-4216-8113-1D12EFAEDEDF}.Release|Any CPU.ActiveCfg = Release|Any CPU
		{B0C58D92-E40E-4216-8113-1D12EFAEDEDF}.Release|Any CPU.Build.0 = Release|Any CPU
	EndGlobalSection
	GlobalSection(SolutionProperties) = preSolution
		HideSolutionNode = FALSE
	EndGlobalSection
	GlobalSection(ExtensibilityGlobals) = postSolution
		SolutionGuid = {637CFA73-B0F7-4F5B-8DB6-EA3C9BD0EAAF}
	EndGlobalSection
EndGlobal
